{
  "name": "ff6-builder",
  "version": "0.0.1",
  "lockfileVersion": 2,
  "requires": true,
  "packages": {
    "": {
      "name": "ff6-builder",
      "version": "0.0.1",
      "hasInstallScript": true,
      "license": "ISC",
      "dependencies": {
        "rom-builder": "github:bropedio/rom-builder"
      }
    },
    "node_modules/rom-builder": {
      "version": "1.0.0",
      "resolved": "git+ssh://git@github.com/bropedio/rom-builder.git#425f234f7821ba35eb1579cfd54698abafb976fc",
      "license": "ISC"
    }
  },
  "dependencies": {
    "rom-builder": {
      "version": "git+ssh://git@github.com/bropedio/rom-builder.git#425f234f7821ba35eb1579cfd54698abafb976fc",
      "from": "rom-builder@https://github.com/bropedio/rom-builder"
    }
  }
}
